
Microsoft Visual Studio Solution File, Format Version 12.00
# Visual Studio Version 16
VisualStudioVersion = 16.0.29424.173
MinimumVisualStudioVersion = 10.0.40219.1
Project("{8BC9CEB8-8B4A-11D0-8D11-00A0C91BC942}") = "Synthesizer", "Synthesizer\Synthesizer.vcxproj", "{59DB3ED0-4249-4032-8803-50E69CF8F09E}"
EndProject
Global
	GlobalSection(SolutionConfigurationPlatforms) = preSolution
		Debug|Win32 = Debug|Win32
		Release|Win32 = Release|Win32
	EndGlobalSection
	GlobalSection(ProjectConfigurationPlatforms) = postSolution
		{59DB3ED0-4249-4032-8803-50E69CF8F09E}.Debug|Win32.ActiveCfg = Debug|Win32
		{59DB3ED0-4249-4032-8803-50E69CF8F09E}.Debug|Win32.Build.0 = Debug|Win32
		{59DB3ED0-4249-4032-8803-50E69CF8F09E}.Release|Win32.ActiveCfg = Release|Win32
		{59DB3ED0-4249-4032-8803-50E69CF8F09E}.Release|Win32.Build.0 = Release|Win32
	EndGlobalSection
	GlobalSection(SolutionProperties) = preSolution
		HideSolutionNode = FALSE
	EndGlobalSection
	GlobalSection(ExtensibilityGlobals) = postSolution
		SolutionGuid = {D1F353FD-A836-4427-93AA-8191AD77E40C}
	EndGlobalSection
EndGlobal
